
Microsoft Visual Studio Solution File, Format Version 12.00
# Visual Studio Version 17
VisualStudioVersion = 17.4.33403.182
MinimumVisualStudioVersion = 10.0.40219.1
Project("{FAE04EC0-301F-11D3-BF4B-00C04F79EFBC}") = "NasBertApp", "NasBertApp\NasBertApp.csproj", "{BDE046CC-8D45-4578-98C8-14A05C05923F}"
EndProject
Global
	GlobalSection(SolutionConfigurationPlatforms) = preSolution
		Debug|Any CPU = Debug|Any CPU
		Release|Any CPU = Release|Any CPU
	EndGlobalSection
	GlobalSection(ProjectConfigurationPlatforms) = postSolution
		{BDE046CC-8D45-4578-98C8-14A05C05923F}.Debug|Any CPU.ActiveCfg = Debug|Any CPU
		{BDE046CC-8D45-4578-98C8-14A05C05923F}.Debug|Any CPU.Build.0 = Debug|Any CPU
		{BDE046CC-8D45-4578-98C8-14A05C05923F}.Release|Any CPU.ActiveCfg = Release|Any CPU
		{BDE046CC-8D45-4578-98C8-14A05C05923F}.Release|Any CPU.Build.0 = Release|Any CPU
	EndGlobalSection
	GlobalSection(SolutionProperties) = preSolution
		HideSolutionNode = FALSE
	EndGlobalSection
	GlobalSection(ExtensibilityGlobals) = postSolution
		SolutionGuid = {DDCBB518-F643-459B-A553-77C67FA73E04}
	EndGlobalSection
EndGlobal
